// !$*UTF8*$!
{
	archiveVersion = 1;
	classes = {
	};
	objectVersion = 46;
	objects = {

/* Begin PBXBuildFile section */
		32C3D25CA4643356F725092E /* Pods_MasqueUITests.framework in Frameworks */ = {isa = PBXBuildFile; fileRef = ED0E9AAC4C57FB4419D46F17 /* Pods_MasqueUITests.framework */; };
		8836F4911EE88786002FED61 /* ResourcesViewController.swift in Sources */ = {isa = PBXBuildFile; fileRef = 8836F4901EE88786002FED61 /* ResourcesViewController.swift */; };
		8836F4931EE88E3E002FED61 /* RoundButton.swift in Sources */ = {isa = PBXBuildFile; fileRef = 8836F4921EE88E3E002FED61 /* RoundButton.swift */; };
		88FE36E81EE840A200F7AE89 /* AppDelegate.swift in Sources */ = {isa = PBXBuildFile; fileRef = 88FE36E71EE840A200F7AE89 /* AppDelegate.swift */; };
		88FE36ED1EE840A200F7AE89 /* Main.storyboard in Resources */ = {isa = PBXBuildFile; fileRef = 88FE36EB1EE840A200F7AE89 /* Main.storyboard */; };
		88FE36F01EE840A200F7AE89 /* Masque.xcdatamodeld in Sources */ = {isa = PBXBuildFile; fileRef = 88FE36EE1EE840A200F7AE89 /* Masque.xcdatamodeld */; };
		88FE36F21EE840A200F7AE89 /* Assets.xcassets in Resources */ = {isa = PBXBuildFile; fileRef = 88FE36F11EE840A200F7AE89 /* Assets.xcassets */; };
		88FE36F51EE840A200F7AE89 /* LaunchScreen.storyboard in Resources */ = {isa = PBXBuildFile; fileRef = 88FE36F31EE840A200F7AE89 /* LaunchScreen.storyboard */; };
		88FE37001EE840A200F7AE89 /* MasqueTests.swift in Sources */ = {isa = PBXBuildFile; fileRef = 88FE36FF1EE840A200F7AE89 /* MasqueTests.swift */; };
		88FE370B1EE840A200F7AE89 /* MasqueUITests.swift in Sources */ = {isa = PBXBuildFile; fileRef = 88FE370A1EE840A200F7AE89 /* MasqueUITests.swift */; };
		88FE37191EE845B500F7AE89 /* GoogleService-Info.plist in Resources */ = {isa = PBXBuildFile; fileRef = 88FE37181EE845B500F7AE89 /* GoogleService-Info.plist */; };
		88FE37231EE8474200F7AE89 /* Extensions.swift in Sources */ = {isa = PBXBuildFile; fileRef = 88FE37211EE8474200F7AE89 /* Extensions.swift */; };
		88FE37241EE8474200F7AE89 /* LocationHandler.swift in Sources */ = {isa = PBXBuildFile; fileRef = 88FE37221EE8474200F7AE89 /* LocationHandler.swift */; };
		88FE372B1EE8484F00F7AE89 /* Bolts.framework in Frameworks */ = {isa = PBXBuildFile; fileRef = 88FE37251EE8484F00F7AE89 /* Bolts.framework */; };
		88FE372C1EE8484F00F7AE89 /* FBSDKLoginKit.framework in Frameworks */ = {isa = PBXBuildFile; fileRef = 88FE37261EE8484F00F7AE89 /* FBSDKLoginKit.framework */; };
		88FE372D1EE8484F00F7AE89 /* FBSDKMessengerShareKit.framework in Frameworks */ = {isa = PBXBuildFile; fileRef = 88FE37271EE8484F00F7AE89 /* FBSDKMessengerShareKit.framework */; };
		88FE372E1EE8484F00F7AE89 /* FBSDKShareKit.framework in Frameworks */ = {isa = PBXBuildFile; fileRef = 88FE37281EE8484F00F7AE89 /* FBSDKShareKit.framework */; };
		88FE372F1EE8484F00F7AE89 /* FBSDKCoreKit.framework in Frameworks */ = {isa = PBXBuildFile; fileRef = 88FE37291EE8484F00F7AE89 /* FBSDKCoreKit.framework */; };
		88FE37301EE8484F00F7AE89 /* Pods_Masque.framework in Frameworks */ = {isa = PBXBuildFile; fileRef = 88FE372A1EE8484F00F7AE89 /* Pods_Masque.framework */; };
		88FE37321EE849A100F7AE89 /* MainNavigationController.swift in Sources */ = {isa = PBXBuildFile; fileRef = 88FE37311EE849A100F7AE89 /* MainNavigationController.swift */; };
		88FE37341EE84F8500F7AE89 /* FeedController.swift in Sources */ = {isa = PBXBuildFile; fileRef = 88FE37331EE84F8500F7AE89 /* FeedController.swift */; };
		88FE37361EE8525B00F7AE89 /* LoginController.swift in Sources */ = {isa = PBXBuildFile; fileRef = 88FE37351EE8525B00F7AE89 /* LoginController.swift */; };
		88FE37381EE852B900F7AE89 /* SettingsLauncher.swift in Sources */ = {isa = PBXBuildFile; fileRef = 88FE37371EE852B900F7AE89 /* SettingsLauncher.swift */; };
		88FE373A1EE8535500F7AE89 /* Page.swift in Sources */ = {isa = PBXBuildFile; fileRef = 88FE37391EE8535500F7AE89 /* Page.swift */; };
		88FE373C1EE8537400F7AE89 /* FeedClasses.swift in Sources */ = {isa = PBXBuildFile; fileRef = 88FE373B1EE8537400F7AE89 /* FeedClasses.swift */; };
		88FE373E1EE859B200F7AE89 /* SafeJsonObject.swift in Sources */ = {isa = PBXBuildFile; fileRef = 88FE373D1EE859B200F7AE89 /* SafeJsonObject.swift */; };
		88FE37401EE859DB00F7AE89 /* User.swift in Sources */ = {isa = PBXBuildFile; fileRef = 88FE373F1EE859DB00F7AE89 /* User.swift */; };
		88FE377F1EE85F9400F7AE89 /* PageCell.swift in Sources */ = {isa = PBXBuildFile; fileRef = 88FE377E1EE85F9400F7AE89 /* PageCell.swift */; };
		88FE37811EE85FB200F7AE89 /* FeedCell.swift in Sources */ = {isa = PBXBuildFile; fileRef = 88FE37801EE85FB200F7AE89 /* FeedCell.swift */; };
		88FE37831EE85FD600F7AE89 /* MenuBar.swift in Sources */ = {isa = PBXBuildFile; fileRef = 88FE37821EE85FD600F7AE89 /* MenuBar.swift */; };
		88FE37851EE85FEC00F7AE89 /* UserCell.swift in Sources */ = {isa = PBXBuildFile; fileRef = 88FE37841EE85FEC00F7AE89 /* UserCell.swift */; };
		88FE37871EE8600200F7AE89 /* NearMeCell.swift in Sources */ = {isa = PBXBuildFile; fileRef = 88FE37861EE8600200F7AE89 /* NearMeCell.swift */; };
		88FE37891EE8603100F7AE89 /* FBFeedCell.swift in Sources */ = {isa = PBXBuildFile; fileRef = 88FE37881EE8603100F7AE89 /* FBFeedCell.swift */; };
		88FE378B1EE86AD300F7AE89 /* SettingCell.swift in Sources */ = {isa = PBXBuildFile; fileRef = 88FE378A1EE86AD300F7AE89 /* SettingCell.swift */; };
		A3321B1A3EA2A3FB2D550F1B /* Pods_MasqueTests.framework in Frameworks */ = {isa = PBXBuildFile; fileRef = 335398C1FE078C88D7D3CB90 /* Pods_MasqueTests.framework */; };
		F1A090FF53B1673C4B1F1EB0 /* Pods_Masque.framework in Frameworks */ = {isa = PBXBuildFile; fileRef = B750C38F3AE686489AD3CD7A /* Pods_Masque.framework */; };
/* End PBXBuildFile section */

/* Begin PBXContainerItemProxy section */
		88FE36FC1EE840A200F7AE89 /* PBXContainerItemProxy */ = {
			isa = PBXContainerItemProxy;
			containerPortal = 88FE36DC1EE840A200F7AE89 /* Project object */;
			proxyType = 1;
			remoteGlobalIDString = 88FE36E31EE840A200F7AE89;
			remoteInfo = Masque;
		};
		88FE37071EE840A200F7AE89 /* PBXContainerItemProxy */ = {
			isa = PBXContainerItemProxy;
			containerPortal = 88FE36DC1EE840A200F7AE89 /* Project object */;
			proxyType = 1;
			remoteGlobalIDString = 88FE36E31EE840A200F7AE89;
			remoteInfo = Masque;
		};
/* End PBXContainerItemProxy section */

/* Begin PBXFileReference section */
		2D9DFC32AF9E74FBA52F7C8B /* Pods-MasqueUITests.debug.xcconfig */ = {isa = PBXFileReference; includeInIndex = 1; lastKnownFileType = text.xcconfig; name = "Pods-MasqueUITests.debug.xcconfig"; path = "Pods/Target Support Files/Pods-MasqueUITests/Pods-MasqueUITests.debug.xcconfig"; sourceTree = "<group>"; };
		335398C1FE078C88D7D3CB90 /* Pods_MasqueTests.framework */ = {isa = PBXFileReference; explicitFileType = wrapper.framework; includeInIndex = 0; path = Pods_MasqueTests.framework; sourceTree = BUILT_PRODUCTS_DIR; };
		5532CD509B8F3DB1E86041B1 /* Pods-MasqueUITests.release.xcconfig */ = {isa = PBXFileReference; includeInIndex = 1; lastKnownFileType = text.xcconfig; name = "Pods-MasqueUITests.release.xcconfig"; path = "Pods/Target Support Files/Pods-MasqueUITests/Pods-MasqueUITests.release.xcconfig"; sourceTree = "<group>"; };
		5696EAFA53DDA851093CEB61 /* Pods-Masque.debug.xcconfig */ = {isa = PBXFileReference; includeInIndex = 1; lastKnownFileType = text.xcconfig; name = "Pods-Masque.debug.xcconfig"; path = "Pods/Target Support Files/Pods-Masque/Pods-Masque.debug.xcconfig"; sourceTree = "<group>"; };
		67E7AF988C2D67DC9AEB237F /* Pods-MasqueTests.release.xcconfig */ = {isa = PBXFileReference; includeInIndex = 1; lastKnownFileType = text.xcconfig; name = "Pods-MasqueTests.release.xcconfig"; path = "Pods/Target Support Files/Pods-MasqueTests/Pods-MasqueTests.release.xcconfig"; sourceTree = "<group>"; };
		7507320A5C57C45F71AC1F7C /* Pods-Masque.release.xcconfig */ = {isa = PBXFileReference; includeInIndex = 1; lastKnownFileType = text.xcconfig; name = "Pods-Masque.release.xcconfig"; path = "Pods/Target Support Files/Pods-Masque/Pods-Masque.release.xcconfig"; sourceTree = "<group>"; };
		7756827F0F2FEB456EAD8D38 /* Pods-MasqueTests.debug.xcconfig */ = {isa = PBXFileReference; includeInIndex = 1; lastKnownFileType = text.xcconfig; name = "Pods-MasqueTests.debug.xcconfig"; path = "Pods/Target Support Files/Pods-MasqueTests/Pods-MasqueTests.debug.xcconfig"; sourceTree = "<group>"; };
		8836F4901EE88786002FED61 /* ResourcesViewController.swift */ = {isa = PBXFileReference; fileEncoding = 4; lastKnownFileType = sourcecode.swift; path = ResourcesViewController.swift; sourceTree = "<group>"; };
		8836F4921EE88E3E002FED61 /* RoundButton.swift */ = {isa = PBXFileReference; fileEncoding = 4; lastKnownFileType = sourcecode.swift; path = RoundButton.swift; sourceTree = "<group>"; };
		88FE36E41EE840A200F7AE89 /* Masque.app */ = {isa = PBXFileReference; explicitFileType = wrapper.application; includeInIndex = 0; path = Masque.app; sourceTree = BUILT_PRODUCTS_DIR; };
		88FE36E71EE840A200F7AE89 /* AppDelegate.swift */ = {isa = PBXFileReference; lastKnownFileType = sourcecode.swift; path = AppDelegate.swift; sourceTree = "<group>"; };
		88FE36EC1EE840A200F7AE89 /* Base */ = {isa = PBXFileReference; lastKnownFileType = file.storyboard; name = Base; path = Base.lproj/Main.storyboard; sourceTree = "<group>"; };
		88FE36EF1EE840A200F7AE89 /* Masque.xcdatamodel */ = {isa = PBXFileReference; lastKnownFileType = wrapper.xcdatamodel; path = Masque.xcdatamodel; sourceTree = "<group>"; };
		88FE36F11EE840A200F7AE89 /* Assets.xcassets */ = {isa = PBXFileReference; lastKnownFileType = folder.assetcatalog; path = Assets.xcassets; sourceTree = "<group>"; };
		88FE36F41EE840A200F7AE89 /* Base */ = {isa = PBXFileReference; lastKnownFileType = file.storyboard; name = Base; path = Base.lproj/LaunchScreen.storyboard; sourceTree = "<group>"; };
		88FE36F61EE840A200F7AE89 /* Info.plist */ = {isa = PBXFileReference; lastKnownFileType = text.plist.xml; path = Info.plist; sourceTree = "<group>"; };
		88FE36FB1EE840A200F7AE89 /* MasqueTests.xctest */ = {isa = PBXFileReference; explicitFileType = wrapper.cfbundle; includeInIndex = 0; path = MasqueTests.xctest; sourceTree = BUILT_PRODUCTS_DIR; };
		88FE36FF1EE840A200F7AE89 /* MasqueTests.swift */ = {isa = PBXFileReference; lastKnownFileType = sourcecode.swift; path = MasqueTests.swift; sourceTree = "<group>"; };
		88FE37011EE840A200F7AE89 /* Info.plist */ = {isa = PBXFileReference; lastKnownFileType = text.plist.xml; path = Info.plist; sourceTree = "<group>"; };
		88FE37061EE840A200F7AE89 /* MasqueUITests.xctest */ = {isa = PBXFileReference; explicitFileType = wrapper.cfbundle; includeInIndex = 0; path = MasqueUITests.xctest; sourceTree = BUILT_PRODUCTS_DIR; };
		88FE370A1EE840A200F7AE89 /* MasqueUITests.swift */ = {isa = PBXFileReference; lastKnownFileType = sourcecode.swift; path = MasqueUITests.swift; sourceTree = "<group>"; };
		88FE370C1EE840A200F7AE89 /* Info.plist */ = {isa = PBXFileReference; lastKnownFileType = text.plist.xml; path = Info.plist; sourceTree = "<group>"; };
		88FE37181EE845B500F7AE89 /* GoogleService-Info.plist */ = {isa = PBXFileReference; fileEncoding = 4; lastKnownFileType = text.plist.xml; path = "GoogleService-Info.plist"; sourceTree = "<group>"; };
		88FE371A1EE846DE00F7AE89 /* FaceBook.entitlements */ = {isa = PBXFileReference; lastKnownFileType = text.plist.entitlements; path = FaceBook.entitlements; sourceTree = "<group>"; };
		88FE37211EE8474200F7AE89 /* Extensions.swift */ = {isa = PBXFileReference; fileEncoding = 4; lastKnownFileType = sourcecode.swift; path = Extensions.swift; sourceTree = "<group>"; };
		88FE37221EE8474200F7AE89 /* LocationHandler.swift */ = {isa = PBXFileReference; fileEncoding = 4; lastKnownFileType = sourcecode.swift; path = LocationHandler.swift; sourceTree = "<group>"; };
		88FE37251EE8484F00F7AE89 /* Bolts.framework */ = {isa = PBXFileReference; lastKnownFileType = wrapper.framework; path = Bolts.framework; sourceTree = "<group>"; };
		88FE37261EE8484F00F7AE89 /* FBSDKLoginKit.framework */ = {isa = PBXFileReference; lastKnownFileType = wrapper.framework; path = FBSDKLoginKit.framework; sourceTree = "<group>"; };
		88FE37271EE8484F00F7AE89 /* FBSDKMessengerShareKit.framework */ = {isa = PBXFileReference; lastKnownFileType = wrapper.framework; path = FBSDKMessengerShareKit.framework; sourceTree = "<group>"; };
		88FE37281EE8484F00F7AE89 /* FBSDKShareKit.framework */ = {isa = PBXFileReference; lastKnownFileType = wrapper.framework; path = FBSDKShareKit.framework; sourceTree = "<group>"; };
		88FE37291EE8484F00F7AE89 /* FBSDKCoreKit.framework */ = {isa = PBXFileReference; lastKnownFileType = wrapper.framework; path = FBSDKCoreKit.framework; sourceTree = "<group>"; };
		88FE372A1EE8484F00F7AE89 /* Pods_Masque.framework */ = {isa = PBXFileReference; lastKnownFileType = wrapper.framework; path = Pods_Masque.framework; sourceTree = "<group>"; };
		88FE37311EE849A100F7AE89 /* MainNavigationController.swift */ = {isa = PBXFileReference; fileEncoding = 4; lastKnownFileType = sourcecode.swift; path = MainNavigationController.swift; sourceTree = "<group>"; };
		88FE37331EE84F8500F7AE89 /* FeedController.swift */ = {isa = PBXFileReference; fileEncoding = 4; lastKnownFileType = sourcecode.swift; path = FeedController.swift; sourceTree = "<group>"; };
		88FE37351EE8525B00F7AE89 /* LoginController.swift */ = {isa = PBXFileReference; fileEncoding = 4; lastKnownFileType = sourcecode.swift; path = LoginController.swift; sourceTree = "<group>"; };
		88FE37371EE852B900F7AE89 /* SettingsLauncher.swift */ = {isa = PBXFileReference; fileEncoding = 4; lastKnownFileType = sourcecode.swift; path = SettingsLauncher.swift; sourceTree = "<group>"; };
		88FE37391EE8535500F7AE89 /* Page.swift */ = {isa = PBXFileReference; fileEncoding = 4; lastKnownFileType = sourcecode.swift; path = Page.swift; sourceTree = "<group>"; };
		88FE373B1EE8537400F7AE89 /* FeedClasses.swift */ = {isa = PBXFileReference; fileEncoding = 4; lastKnownFileType = sourcecode.swift; path = FeedClasses.swift; sourceTree = "<group>"; };
		88FE373D1EE859B200F7AE89 /* SafeJsonObject.swift */ = {isa = PBXFileReference; fileEncoding = 4; lastKnownFileType = sourcecode.swift; path = SafeJsonObject.swift; sourceTree = "<group>"; };
		88FE373F1EE859DB00F7AE89 /* User.swift */ = {isa = PBXFileReference; fileEncoding = 4; lastKnownFileType = sourcecode.swift; path = User.swift; sourceTree = "<group>"; };
		88FE377E1EE85F9400F7AE89 /* PageCell.swift */ = {isa = PBXFileReference; fileEncoding = 4; lastKnownFileType = sourcecode.swift; path = PageCell.swift; sourceTree = "<group>"; };
		88FE37801EE85FB200F7AE89 /* FeedCell.swift */ = {isa = PBXFileReference; fileEncoding = 4; lastKnownFileType = sourcecode.swift; path = FeedCell.swift; sourceTree = "<group>"; };
		88FE37821EE85FD600F7AE89 /* MenuBar.swift */ = {isa = PBXFileReference; fileEncoding = 4; lastKnownFileType = sourcecode.swift; path = MenuBar.swift; sourceTree = "<group>"; };
		88FE37841EE85FEC00F7AE89 /* UserCell.swift */ = {isa = PBXFileReference; fileEncoding = 4; lastKnownFileType = sourcecode.swift; path = UserCell.swift; sourceTree = "<group>"; };
		88FE37861EE8600200F7AE89 /* NearMeCell.swift */ = {isa = PBXFileReference; fileEncoding = 4; lastKnownFileType = sourcecode.swift; path = NearMeCell.swift; sourceTree = "<group>"; };
		88FE37881EE8603100F7AE89 /* FBFeedCell.swift */ = {isa = PBXFileReference; fileEncoding = 4; lastKnownFileType = sourcecode.swift; path = FBFeedCell.swift; sourceTree = "<group>"; };
		88FE378A1EE86AD300F7AE89 /* SettingCell.swift */ = {isa = PBXFileReference; fileEncoding = 4; lastKnownFileType = sourcecode.swift; path = SettingCell.swift; sourceTree = "<group>"; };
		B750C38F3AE686489AD3CD7A /* Pods_Masque.framework */ = {isa = PBXFileReference; explicitFileType = wrapper.framework; includeInIndex = 0; path = Pods_Masque.framework; sourceTree = BUILT_PRODUCTS_DIR; };
		ED0E9AAC4C57FB4419D46F17 /* Pods_MasqueUITests.framework */ = {isa = PBXFileReference; explicitFileType = wrapper.framework; includeInIndex = 0; path = Pods_MasqueUITests.framework; sourceTree = BUILT_PRODUCTS_DIR; };
/* End PBXFileReference section */

/* Begin PBXFrameworksBuildPhase section */
		88FE36E11EE840A200F7AE89 /* Frameworks */ = {
			isa = PBXFrameworksBuildPhase;
			buildActionMask = 2147483647;
			files = (
				88FE37301EE8484F00F7AE89 /* Pods_Masque.framework in Frameworks */,
				88FE372D1EE8484F00F7AE89 /* FBSDKMessengerShareKit.framework in Frameworks */,
				88FE372F1EE8484F00F7AE89 /* FBSDKCoreKit.framework in Frameworks */,
				F1A090FF53B1673C4B1F1EB0 /* Pods_Masque.framework in Frameworks */,
				88FE372E1EE8484F00F7AE89 /* FBSDKShareKit.framework in Frameworks */,
				88FE372B1EE8484F00F7AE89 /* Bolts.framework in Frameworks */,
				88FE372C1EE8484F00F7AE89 /* FBSDKLoginKit.framework in Frameworks */,
			);
			runOnlyForDeploymentPostprocessing = 0;
		};
		88FE36F81EE840A200F7AE89 /* Frameworks */ = {
			isa = PBXFrameworksBuildPhase;
			buildActionMask = 2147483647;
			files = (
				A3321B1A3EA2A3FB2D550F1B /* Pods_MasqueTests.framework in Frameworks */,
			);
			runOnlyForDeploymentPostprocessing = 0;
		};
		88FE37031EE840A200F7AE89 /* Frameworks */ = {
			isa = PBXFrameworksBuildPhase;
			buildActionMask = 2147483647;
			files = (
				32C3D25CA4643356F725092E /* Pods_MasqueUITests.framework in Frameworks */,
			);
			runOnlyForDeploymentPostprocessing = 0;
		};
/* End PBXFrameworksBuildPhase section */

/* Begin PBXGroup section */
		129B2593C762AB1584C9942E /* Frameworks */ = {
			isa = PBXGroup;
			children = (
				88FE37251EE8484F00F7AE89 /* Bolts.framework */,
				88FE37261EE8484F00F7AE89 /* FBSDKLoginKit.framework */,
				88FE37271EE8484F00F7AE89 /* FBSDKMessengerShareKit.framework */,
				88FE37281EE8484F00F7AE89 /* FBSDKShareKit.framework */,
				88FE37291EE8484F00F7AE89 /* FBSDKCoreKit.framework */,
				88FE372A1EE8484F00F7AE89 /* Pods_Masque.framework */,
				B750C38F3AE686489AD3CD7A /* Pods_Masque.framework */,
				335398C1FE078C88D7D3CB90 /* Pods_MasqueTests.framework */,
				ED0E9AAC4C57FB4419D46F17 /* Pods_MasqueUITests.framework */,
			);
			name = Frameworks;
			sourceTree = "<group>";
		};
		88FE36DB1EE840A200F7AE89 = {
			isa = PBXGroup;
			children = (
				88FE36E61EE840A200F7AE89 /* Masque */,
				88FE36FE1EE840A200F7AE89 /* MasqueTests */,
				88FE37091EE840A200F7AE89 /* MasqueUITests */,
				88FE36E51EE840A200F7AE89 /* Products */,
				A04E58487CAE11406C7F0F64 /* Pods */,
				129B2593C762AB1584C9942E /* Frameworks */,
			);
			sourceTree = "<group>";
		};
		88FE36E51EE840A200F7AE89 /* Products */ = {
			isa = PBXGroup;
			children = (
				88FE36E41EE840A200F7AE89 /* Masque.app */,
				88FE36FB1EE840A200F7AE89 /* MasqueTests.xctest */,
				88FE37061EE840A200F7AE89 /* MasqueUITests.xctest */,
			);
			name = Products;
			sourceTree = "<group>";
		};
		88FE36E61EE840A200F7AE89 /* Masque */ = {
			isa = PBXGroup;
			children = (
				88FE371A1EE846DE00F7AE89 /* FaceBook.entitlements */,
				88FE36E71EE840A200F7AE89 /* AppDelegate.swift */,
				88FE36EB1EE840A200F7AE89 /* Main.storyboard */,
				88FE371B1EE8470800F7AE89 /* Classes */,
				88FE36F11EE840A200F7AE89 /* Assets.xcassets */,
				88FE36F31EE840A200F7AE89 /* LaunchScreen.storyboard */,
				88FE36F61EE840A200F7AE89 /* Info.plist */,
				88FE36EE1EE840A200F7AE89 /* Masque.xcdatamodeld */,
				88FE37181EE845B500F7AE89 /* GoogleService-Info.plist */,
			);
			path = Masque;
			sourceTree = "<group>";
		};
		88FE36FE1EE840A200F7AE89 /* MasqueTests */ = {
			isa = PBXGroup;
			children = (
				88FE36FF1EE840A200F7AE89 /* MasqueTests.swift */,
				88FE37011EE840A200F7AE89 /* Info.plist */,
			);
			path = MasqueTests;
			sourceTree = "<group>";
		};
		88FE37091EE840A200F7AE89 /* MasqueUITests */ = {
			isa = PBXGroup;
			children = (
				88FE370A1EE840A200F7AE89 /* MasqueUITests.swift */,
				88FE370C1EE840A200F7AE89 /* Info.plist */,
			);
			path = MasqueUITests;
			sourceTree = "<group>";
		};
		88FE371B1EE8470800F7AE89 /* Classes */ = {
			isa = PBXGroup;
			children = (
				88FE37201EE8472F00F7AE89 /* Helpers */,
				88FE371F1EE8472600F7AE89 /* View */,
				88FE371E1EE8471F00F7AE89 /* View Controllers */,
				88FE371D1EE8471800F7AE89 /* Models */,
				88FE371C1EE8471000F7AE89 /* Managers */,
			);
			name = Classes;
			sourceTree = "<group>";
		};
		88FE371C1EE8471000F7AE89 /* Managers */ = {
			isa = PBXGroup;
			children = (
			);
			name = Managers;
			sourceTree = "<group>";
		};
		88FE371D1EE8471800F7AE89 /* Models */ = {
			isa = PBXGroup;
			children = (
				88FE37391EE8535500F7AE89 /* Page.swift */,
				88FE373B1EE8537400F7AE89 /* FeedClasses.swift */,
				88FE373D1EE859B200F7AE89 /* SafeJsonObject.swift */,
				88FE373F1EE859DB00F7AE89 /* User.swift */,
			);
			name = Models;
			sourceTree = "<group>";
		};
		88FE371E1EE8471F00F7AE89 /* View Controllers */ = {
			isa = PBXGroup;
			children = (
				88FE37311EE849A100F7AE89 /* MainNavigationController.swift */,
				88FE37331EE84F8500F7AE89 /* FeedController.swift */,
				88FE37351EE8525B00F7AE89 /* LoginController.swift */,
				88FE37371EE852B900F7AE89 /* SettingsLauncher.swift */,
				8836F4901EE88786002FED61 /* ResourcesViewController.swift */,
			);
			name = "View Controllers";
			sourceTree = "<group>";
		};
		88FE371F1EE8472600F7AE89 /* View */ = {
			isa = PBXGroup;
			children = (
				88FE377E1EE85F9400F7AE89 /* PageCell.swift */,
				88FE37801EE85FB200F7AE89 /* FeedCell.swift */,
				88FE37821EE85FD600F7AE89 /* MenuBar.swift */,
				88FE378A1EE86AD300F7AE89 /* SettingCell.swift */,
				88FE37841EE85FEC00F7AE89 /* UserCell.swift */,
				88FE37861EE8600200F7AE89 /* NearMeCell.swift */,
				88FE37881EE8603100F7AE89 /* FBFeedCell.swift */,
			);
			name = View;
			sourceTree = "<group>";
		};
		88FE37201EE8472F00F7AE89 /* Helpers */ = {
			isa = PBXGroup;
			children = (
				88FE37211EE8474200F7AE89 /* Extensions.swift */,
				88FE37221EE8474200F7AE89 /* LocationHandler.swift */,
				8836F4921EE88E3E002FED61 /* RoundButton.swift */,
			);
			name = Helpers;
			sourceTree = "<group>";
		};
		A04E58487CAE11406C7F0F64 /* Pods */ = {
			isa = PBXGroup;
			children = (
				5696EAFA53DDA851093CEB61 /* Pods-Masque.debug.xcconfig */,
				7507320A5C57C45F71AC1F7C /* Pods-Masque.release.xcconfig */,
				7756827F0F2FEB456EAD8D38 /* Pods-MasqueTests.debug.xcconfig */,
				67E7AF988C2D67DC9AEB237F /* Pods-MasqueTests.release.xcconfig */,
				2D9DFC32AF9E74FBA52F7C8B /* Pods-MasqueUITests.debug.xcconfig */,
				5532CD509B8F3DB1E86041B1 /* Pods-MasqueUITests.release.xcconfig */,
			);
			name = Pods;
			sourceTree = "<group>";
		};
/* End PBXGroup section */

/* Begin PBXNativeTarget section */
		88FE36E31EE840A200F7AE89 /* Masque */ = {
			isa = PBXNativeTarget;
			buildConfigurationList = 88FE370F1EE840A200F7AE89 /* Build configuration list for PBXNativeTarget "Masque" */;
			buildPhases = (
				1FF0BB124E8403DF8412086B /* [CP] Check Pods Manifest.lock */,
				88FE36E01EE840A200F7AE89 /* Sources */,
				88FE36E11EE840A200F7AE89 /* Frameworks */,
				88FE36E21EE840A200F7AE89 /* Resources */,
				A5A4E3B30040D648C8EE8FD7 /* [CP] Embed Pods Frameworks */,
				EB1CCC6B8BB15F032E1C9D5F /* [CP] Copy Pods Resources */,
			);
			buildRules = (
			);
			dependencies = (
			);
			name = Masque;
			productName = Masque;
			productReference = 88FE36E41EE840A200F7AE89 /* Masque.app */;
			productType = "com.apple.product-type.application";
		};
		88FE36FA1EE840A200F7AE89 /* MasqueTests */ = {
			isa = PBXNativeTarget;
			buildConfigurationList = 88FE37121EE840A200F7AE89 /* Build configuration list for PBXNativeTarget "MasqueTests" */;
			buildPhases = (
				4C884D68AEC8EDB25F07244B /* [CP] Check Pods Manifest.lock */,
				88FE36F71EE840A200F7AE89 /* Sources */,
				88FE36F81EE840A200F7AE89 /* Frameworks */,
				88FE36F91EE840A200F7AE89 /* Resources */,
				54C778C452324E3893497EA9 /* [CP] Embed Pods Frameworks */,
				163583E7DBAD373A89B994B7 /* [CP] Copy Pods Resources */,
			);
			buildRules = (
			);
			dependencies = (
				88FE36FD1EE840A200F7AE89 /* PBXTargetDependency */,
			);
			name = MasqueTests;
			productName = MasqueTests;
			productReference = 88FE36FB1EE840A200F7AE89 /* MasqueTests.xctest */;
			productType = "com.apple.product-type.bundle.unit-test";
		};
		88FE37051EE840A200F7AE89 /* MasqueUITests */ = {
			isa = PBXNativeTarget;
			buildConfigurationList = 88FE37151EE840A200F7AE89 /* Build configuration list for PBXNativeTarget "MasqueUITests" */;
			buildPhases = (
				20F3F1A142A149F5383ADCB3 /* [CP] Check Pods Manifest.lock */,
				88FE37021EE840A200F7AE89 /* Sources */,
				88FE37031EE840A200F7AE89 /* Frameworks */,
				88FE37041EE840A200F7AE89 /* Resources */,
				E3BA7F87B4A4CDA80CF075EA /* [CP] Embed Pods Frameworks */,
				798D6B406A99EA8D6E5676FA /* [CP] Copy Pods Resources */,
			);
			buildRules = (
			);
			dependencies = (
				88FE37081EE840A200F7AE89 /* PBXTargetDependency */,
			);
			name = MasqueUITests;
			productName = MasqueUITests;
			productReference = 88FE37061EE840A200F7AE89 /* MasqueUITests.xctest */;
			productType = "com.apple.product-type.bundle.ui-testing";
		};
/* End PBXNativeTarget section */

/* Begin PBXProject section */
		88FE36DC1EE840A200F7AE89 /* Project object */ = {
			isa = PBXProject;
			attributes = {
				LastSwiftUpdateCheck = 0830;
				LastUpgradeCheck = 0830;
				ORGANIZATIONNAME = "Jason Zheng";
				TargetAttributes = {
					88FE36E31EE840A200F7AE89 = {
						CreatedOnToolsVersion = 8.3.1;
						DevelopmentTeam = V5WFPWBDLH;
						ProvisioningStyle = Automatic;
					};
					88FE36FA1EE840A200F7AE89 = {
						CreatedOnToolsVersion = 8.3.1;
						DevelopmentTeam = V5WFPWBDLH;
						ProvisioningStyle = Automatic;
						TestTargetID = 88FE36E31EE840A200F7AE89;
					};
					88FE37051EE840A200F7AE89 = {
						CreatedOnToolsVersion = 8.3.1;
						DevelopmentTeam = V5WFPWBDLH;
						ProvisioningStyle = Automatic;
						TestTargetID = 88FE36E31EE840A200F7AE89;
					};
				};
			};
			buildConfigurationList = 88FE36DF1EE840A200F7AE89 /* Build configuration list for PBXProject "Masque" */;
			compatibilityVersion = "Xcode 3.2";
			developmentRegion = English;
			hasScannedForEncodings = 0;
			knownRegions = (
				en,
				Base,
			);
			mainGroup = 88FE36DB1EE840A200F7AE89;
			productRefGroup = 88FE36E51EE840A200F7AE89 /* Products */;
			projectDirPath = "";
			projectRoot = "";
			targets = (
				88FE36E31EE840A200F7AE89 /* Masque */,
				88FE36FA1EE840A200F7AE89 /* MasqueTests */,
				88FE37051EE840A200F7AE89 /* MasqueUITests */,
			);
		};
/* End PBXProject section */

/* Begin PBXResourcesBuildPhase section */
		88FE36E21EE840A200F7AE89 /* Resources */ = {
			isa = PBXResourcesBuildPhase;
			buildActionMask = 2147483647;
			files = (
				88FE36F51EE840A200F7AE89 /* LaunchScreen.storyboard in Resources */,
				88FE37191EE845B500F7AE89 /* GoogleService-Info.plist in Resources */,
				88FE36F21EE840A200F7AE89 /* Assets.xcassets in Resources */,
				88FE36ED1EE840A200F7AE89 /* Main.storyboard in Resources */,
			);
			runOnlyForDeploymentPostprocessing = 0;
		};
		88FE36F91EE840A200F7AE89 /* Resources */ = {
			isa = PBXResourcesBuildPhase;
			buildActionMask = 2147483647;
			files = (
			);
			runOnlyForDeploymentPostprocessing = 0;
		};
		88FE37041EE840A200F7AE89 /* Resources */ = {
			isa = PBXResourcesBuildPhase;
			buildActionMask = 2147483647;
			files = (
			);
			runOnlyForDeploymentPostprocessing = 0;
		};
/* End PBXResourcesBuildPhase section */

/* Begin PBXShellScriptBuildPhase section */
		163583E7DBAD373A89B994B7 /* [CP] Copy Pods Resources */ = {
			isa = PBXShellScriptBuildPhase;
			buildActionMask = 2147483647;
			files = (
			);
			inputPaths = (
			);
			name = "[CP] Copy Pods Resources";
			outputPaths = (
			);
			runOnlyForDeploymentPostprocessing = 0;
			shellPath = /bin/sh;
			shellScript = "\"${SRCROOT}/Pods/Target Support Files/Pods-MasqueTests/Pods-MasqueTests-resources.sh\"\n";
			showEnvVarsInLog = 0;
		};
		1FF0BB124E8403DF8412086B /* [CP] Check Pods Manifest.lock */ = {
			isa = PBXShellScriptBuildPhase;
			buildActionMask = 2147483647;
			files = (
			);
			inputPaths = (
			);
			name = "[CP] Check Pods Manifest.lock";
			outputPaths = (
			);
			runOnlyForDeploymentPostprocessing = 0;
			shellPath = /bin/sh;
			shellScript = "diff \"${PODS_ROOT}/../Podfile.lock\" \"${PODS_ROOT}/Manifest.lock\" > /dev/null\nif [ $? != 0 ] ; then\n    # print error to STDERR\n    echo \"error: The sandbox is not in sync with the Podfile.lock. Run 'pod install' or update your CocoaPods installation.\" >&2\n    exit 1\nfi\n";
			showEnvVarsInLog = 0;
		};
		20F3F1A142A149F5383ADCB3 /* [CP] Check Pods Manifest.lock */ = {
			isa = PBXShellScriptBuildPhase;
			buildActionMask = 2147483647;
			files = (
			);
			inputPaths = (
			);
			name = "[CP] Check Pods Manifest.lock";
			outputPaths = (
			);
			runOnlyForDeploymentPostprocessing = 0;
			shellPath = /bin/sh;
			shellScript = "diff \"${PODS_ROOT}/../Podfile.lock\" \"${PODS_ROOT}/Manifest.lock\" > /dev/null\nif [ $? != 0 ] ; then\n    # print error to STDERR\n    echo \"error: The sandbox is not in sync with the Podfile.lock. Run 'pod install' or update your CocoaPods installation.\" >&2\n    exit 1\nfi\n";
			showEnvVarsInLog = 0;
		};
		4C884D68AEC8EDB25F07244B /* [CP] Check Pods Manifest.lock */ = {
			isa = PBXShellScriptBuildPhase;
			buildActionMask = 2147483647;
			files = (
			);
			inputPaths = (
			);
			name = "[CP] Check Pods Manifest.lock";
			outputPaths = (
			);
			runOnlyForDeploymentPostprocessing = 0;
			shellPath = /bin/sh;
			shellScript = "diff \"${PODS_ROOT}/../Podfile.lock\" \"${PODS_ROOT}/Manifest.lock\" > /dev/null\nif [ $? != 0 ] ; then\n    # print error to STDERR\n    echo \"error: The sandbox is not in sync with the Podfile.lock. Run 'pod install' or update your CocoaPods installation.\" >&2\n    exit 1\nfi\n";
			showEnvVarsInLog = 0;
		};
		54C778C452324E3893497EA9 /* [CP] Embed Pods Frameworks */ = {
			isa = PBXShellScriptBuildPhase;
			buildActionMask = 2147483647;
			files = (
			);
			inputPaths = (
			);
			name = "[CP] Embed Pods Frameworks";
			outputPaths = (
			);
			runOnlyForDeploymentPostprocessing = 0;
			shellPath = /bin/sh;
			shellScript = "\"${SRCROOT}/Pods/Target Support Files/Pods-MasqueTests/Pods-MasqueTests-frameworks.sh\"\n";
			showEnvVarsInLog = 0;
		};
		798D6B406A99EA8D6E5676FA /* [CP] Copy Pods Resources */ = {
			isa = PBXShellScriptBuildPhase;
			buildActionMask = 2147483647;
			files = (
			);
			inputPaths = (
			);
			name = "[CP] Copy Pods Resources";
			outputPaths = (
			);
			runOnlyForDeploymentPostprocessing = 0;
			shellPath = /bin/sh;
			shellScript = "\"${SRCROOT}/Pods/Target Support Files/Pods-MasqueUITests/Pods-MasqueUITests-resources.sh\"\n";
			showEnvVarsInLog = 0;
		};
		A5A4E3B30040D648C8EE8FD7 /* [CP] Embed Pods Frameworks */ = {
			isa = PBXShellScriptBuildPhase;
			buildActionMask = 2147483647;
			files = (
			);
			inputPaths = (
			);
			name = "[CP] Embed Pods Frameworks";
			outputPaths = (
			);
			runOnlyForDeploymentPostprocessing = 0;
			shellPath = /bin/sh;
			shellScript = "\"${SRCROOT}/Pods/Target Support Files/Pods-Masque/Pods-Masque-frameworks.sh\"\n";
			showEnvVarsInLog = 0;
		};
		E3BA7F87B4A4CDA80CF075EA /* [CP] Embed Pods Frameworks */ = {
			isa = PBXShellScriptBuildPhase;
			buildActionMask = 2147483647;
			files = (
			);
			inputPaths = (
			);
			name = "[CP] Embed Pods Frameworks";
			outputPaths = (
			);
			runOnlyForDeploymentPostprocessing = 0;
			shellPath = /bin/sh;
			shellScript = "\"${SRCROOT}/Pods/Target Support Files/Pods-MasqueUITests/Pods-MasqueUITests-frameworks.sh\"\n";
			showEnvVarsInLog = 0;
		};
		EB1CCC6B8BB15F032E1C9D5F /* [CP] Copy Pods Resources */ = {
			isa = PBXShellScriptBuildPhase;
			buildActionMask = 2147483647;
			files = (
			);
			inputPaths = (
			);
			name = "[CP] Copy Pods Resources";
			outputPaths = (
			);
			runOnlyForDeploymentPostprocessing = 0;
			shellPath = /bin/sh;
			shellScript = "\"${SRCROOT}/Pods/Target Support Files/Pods-Masque/Pods-Masque-resources.sh\"\n";
			showEnvVarsInLog = 0;
		};
/* End PBXShellScriptBuildPhase section */

/* Begin PBXSourcesBuildPhase section */
		88FE36E01EE840A200F7AE89 /* Sources */ = {
			isa = PBXSourcesBuildPhase;
			buildActionMask = 2147483647;
			files = (
				88FE37321EE849A100F7AE89 /* MainNavigationController.swift in Sources */,
				88FE37341EE84F8500F7AE89 /* FeedController.swift in Sources */,
				88FE37241EE8474200F7AE89 /* LocationHandler.swift in Sources */,
				88FE37891EE8603100F7AE89 /* FBFeedCell.swift in Sources */,
				88FE36E81EE840A200F7AE89 /* AppDelegate.swift in Sources */,
				88FE37871EE8600200F7AE89 /* NearMeCell.swift in Sources */,
				88FE37381EE852B900F7AE89 /* SettingsLauncher.swift in Sources */,
				8836F4931EE88E3E002FED61 /* RoundButton.swift in Sources */,
				88FE373A1EE8535500F7AE89 /* Page.swift in Sources */,
				88FE36F01EE840A200F7AE89 /* Masque.xcdatamodeld in Sources */,
				88FE378B1EE86AD300F7AE89 /* SettingCell.swift in Sources */,
				8836F4911EE88786002FED61 /* ResourcesViewController.swift in Sources */,
				88FE37811EE85FB200F7AE89 /* FeedCell.swift in Sources */,
				88FE37851EE85FEC00F7AE89 /* UserCell.swift in Sources */,
				88FE37231EE8474200F7AE89 /* Extensions.swift in Sources */,
				88FE377F1EE85F9400F7AE89 /* PageCell.swift in Sources */,
				88FE37401EE859DB00F7AE89 /* User.swift in Sources */,
				88FE373C1EE8537400F7AE89 /* FeedClasses.swift in Sources */,
				88FE37361EE8525B00F7AE89 /* LoginController.swift in Sources */,
				88FE373E1EE859B200F7AE89 /* SafeJsonObject.swift in Sources */,
				88FE37831EE85FD600F7AE89 /* MenuBar.swift in Sources */,
			);
			runOnlyForDeploymentPostprocessing = 0;
		};
		88FE36F71EE840A200F7AE89 /* Sources */ = {
			isa = PBXSourcesBuildPhase;
			buildActionMask = 2147483647;
			files = (
				88FE37001EE840A200F7AE89 /* MasqueTests.swift in Sources */,
			);
			runOnlyForDeploymentPostprocessing = 0;
		};
		88FE37021EE840A200F7AE89 /* Sources */ = {
			isa = PBXSourcesBuildPhase;
			buildActionMask = 2147483647;
			files = (
				88FE370B1EE840A200F7AE89 /* MasqueUITests.swift in Sources */,
			);
			runOnlyForDeploymentPostprocessing = 0;
		};
/* End PBXSourcesBuildPhase section */

/* Begin PBXTargetDependency section */
		88FE36FD1EE840A200F7AE89 /* PBXTargetDependency */ = {
			isa = PBXTargetDependency;
			target = 88FE36E31EE840A200F7AE89 /* Masque */;
			targetProxy = 88FE36FC1EE840A200F7AE89 /* PBXContainerItemProxy */;
		};
		88FE37081EE840A200F7AE89 /* PBXTargetDependency */ = {
			isa = PBXTargetDependency;
			target = 88FE36E31EE840A200F7AE89 /* Masque */;
			targetProxy = 88FE37071EE840A200F7AE89 /* PBXContainerItemProxy */;
		};
/* End PBXTargetDependency section */

/* Begin PBXVariantGroup section */
		88FE36EB1EE840A200F7AE89 /* Main.storyboard */ = {
			isa = PBXVariantGroup;
			children = (
				88FE36EC1EE840A200F7AE89 /* Base */,
			);
			name = Main.storyboard;
			sourceTree = "<group>";
		};
		88FE36F31EE840A200F7AE89 /* LaunchScreen.storyboard */ = {
			isa = PBXVariantGroup;
			children = (
				88FE36F41EE840A200F7AE89 /* Base */,
			);
			name = LaunchScreen.storyboard;
			sourceTree = "<group>";
		};
/* End PBXVariantGroup section */

/* Begin XCBuildConfiguration section */
		88FE370D1EE840A200F7AE89 /* Debug */ = {
			isa = XCBuildConfiguration;
			buildSettings = {
				ALWAYS_SEARCH_USER_PATHS = NO;
				CLANG_ANALYZER_NONNULL = YES;
				CLANG_ANALYZER_NUMBER_OBJECT_CONVERSION = YES_AGGRESSIVE;
				CLANG_CXX_LANGUAGE_STANDARD = "gnu++0x";
				CLANG_CXX_LIBRARY = "libc++";
				CLANG_ENABLE_MODULES = YES;
				CLANG_ENABLE_OBJC_ARC = YES;
				CLANG_WARN_BOOL_CONVERSION = YES;
				CLANG_WARN_CONSTANT_CONVERSION = YES;
				CLANG_WARN_DIRECT_OBJC_ISA_USAGE = YES_ERROR;
				CLANG_WARN_DOCUMENTATION_COMMENTS = YES;
				CLANG_WARN_EMPTY_BODY = YES;
				CLANG_WARN_ENUM_CONVERSION = YES;
				CLANG_WARN_INFINITE_RECURSION = YES;
				CLANG_WARN_INT_CONVERSION = YES;
				CLANG_WARN_OBJC_ROOT_CLASS = YES_ERROR;
				CLANG_WARN_SUSPICIOUS_MOVE = YES;
				CLANG_WARN_UNREACHABLE_CODE = YES;
				CLANG_WARN__DUPLICATE_METHOD_MATCH = YES;
				"CODE_SIGN_IDENTITY[sdk=iphoneos*]" = "iPhone Developer";
				COPY_PHASE_STRIP = NO;
				DEBUG_INFORMATION_FORMAT = dwarf;
				ENABLE_STRICT_OBJC_MSGSEND = YES;
				ENABLE_TESTABILITY = YES;
				GCC_C_LANGUAGE_STANDARD = gnu99;
				GCC_DYNAMIC_NO_PIC = NO;
				GCC_NO_COMMON_BLOCKS = YES;
				GCC_OPTIMIZATION_LEVEL = 0;
				GCC_PREPROCESSOR_DEFINITIONS = (
					"DEBUG=1",
					"$(inherited)",
				);
				GCC_WARN_64_TO_32_BIT_CONVERSION = YES;
				GCC_WARN_ABOUT_RETURN_TYPE = YES_ERROR;
				GCC_WARN_UNDECLARED_SELECTOR = YES;
				GCC_WARN_UNINITIALIZED_AUTOS = YES_AGGRESSIVE;
				GCC_WARN_UNUSED_FUNCTION = YES;
				GCC_WARN_UNUSED_VARIABLE = YES;
				IPHONEOS_DEPLOYMENT_TARGET = 10.3;
				MTL_ENABLE_DEBUG_INFO = YES;
				ONLY_ACTIVE_ARCH = YES;
				SDKROOT = iphoneos;
				SWIFT_ACTIVE_COMPILATION_CONDITIONS = DEBUG;
				SWIFT_OPTIMIZATION_LEVEL = "-Onone";
				TARGETED_DEVICE_FAMILY = "1,2";
			};
			name = Debug;
		};
		88FE370E1EE840A200F7AE89 /* Release */ = {
			isa = XCBuildConfiguration;
			buildSettings = {
				ALWAYS_SEARCH_USER_PATHS = NO;
				CLANG_ANALYZER_NONNULL = YES;
				CLANG_ANALYZER_NUMBER_OBJECT_CONVERSION = YES_AGGRESSIVE;
				CLANG_CXX_LANGUAGE_STANDARD = "gnu++0x";
				CLANG_CXX_LIBRARY = "libc++";
				CLANG_ENABLE_MODULES = YES;
				CLANG_ENABLE_OBJC_ARC = YES;
				CLANG_WARN_BOOL_CONVERSION = YES;
				CLANG_WARN_CONSTANT_CONVERSION = YES;
				CLANG_WARN_DIRECT_OBJC_ISA_USAGE = YES_ERROR;
				CLANG_WARN_DOCUMENTATION_COMMENTS = YES;
				CLANG_WARN_EMPTY_BODY = YES;
				CLANG_WARN_ENUM_CONVERSION = YES;
				CLANG_WARN_INFINITE_RECURSION = YES;
				CLANG_WARN_INT_CONVERSION = YES;
				CLANG_WARN_OBJC_ROOT_CLASS = YES_ERROR;
				CLANG_WARN_SUSPICIOUS_MOVE = YES;
				CLANG_WARN_UNREACHABLE_CODE = YES;
				CLANG_WARN__DUPLICATE_METHOD_MATCH = YES;
				"CODE_SIGN_IDENTITY[sdk=iphoneos*]" = "iPhone Developer";
				COPY_PHASE_STRIP = NO;
				DEBUG_INFORMATION_FORMAT = "dwarf-with-dsym";
				ENABLE_NS_ASSERTIONS = NO;
				ENABLE_STRICT_OBJC_MSGSEND = YES;
				GCC_C_LANGUAGE_STANDARD = gnu99;
				GCC_NO_COMMON_BLOCKS = YES;
				GCC_WARN_64_TO_32_BIT_CONVERSION = YES;
				GCC_WARN_ABOUT_RETURN_TYPE = YES_ERROR;
				GCC_WARN_UNDECLARED_SELECTOR = YES;
				GCC_WARN_UNINITIALIZED_AUTOS = YES_AGGRESSIVE;
				GCC_WARN_UNUSED_FUNCTION = YES;
				GCC_WARN_UNUSED_VARIABLE = YES;
				IPHONEOS_DEPLOYMENT_TARGET = 10.3;
				MTL_ENABLE_DEBUG_INFO = NO;
				SDKROOT = iphoneos;
				SWIFT_OPTIMIZATION_LEVEL = "-Owholemodule";
				TARGETED_DEVICE_FAMILY = "1,2";
				VALIDATE_PRODUCT = YES;
			};
			name = Release;
		};
		88FE37101EE840A200F7AE89 /* Debug */ = {
			isa = XCBuildConfiguration;
			baseConfigurationReference = 5696EAFA53DDA851093CEB61 /* Pods-Masque.debug.xcconfig */;
			buildSettings = {
				ASSETCATALOG_COMPILER_APPICON_NAME = AppIcon;
				DEVELOPMENT_TEAM = V5WFPWBDLH;
				FRAMEWORK_SEARCH_PATHS = (
					"$(inherited)",
					"$(PROJECT_DIR)",
				);
				INFOPLIST_FILE = Masque/Info.plist;
				LD_RUNPATH_SEARCH_PATHS = "$(inherited) @executable_path/Frameworks";
				PRODUCT_BUNDLE_IDENTIFIER = com.JZ.Masque;
				PRODUCT_NAME = "$(TARGET_NAME)";
				SWIFT_VERSION = 3.0;
			};
			name = Debug;
		};
		88FE37111EE840A200F7AE89 /* Release */ = {
			isa = XCBuildConfiguration;
			baseConfigurationReference = 7507320A5C57C45F71AC1F7C /* Pods-Masque.release.xcconfig */;
			buildSettings = {
				ASSETCATALOG_COMPILER_APPICON_NAME = AppIcon;
				DEVELOPMENT_TEAM = V5WFPWBDLH;
				FRAMEWORK_SEARCH_PATHS = (
					"$(inherited)",
					"$(PROJECT_DIR)",
				);
				INFOPLIST_FILE = Masque/Info.plist;
				LD_RUNPATH_SEARCH_PATHS = "$(inherited) @executable_path/Frameworks";
				PRODUCT_BUNDLE_IDENTIFIER = com.JZ.Masque;
				PRODUCT_NAME = "$(TARGET_NAME)";
				SWIFT_VERSION = 3.0;
			};
			name = Release;
		};
		88FE37131EE840A200F7AE89 /* Debug */ = {
			isa = XCBuildConfiguration;
			baseConfigurationReference = 7756827F0F2FEB456EAD8D38 /* Pods-MasqueTests.debug.xcconfig */;
			buildSettings = {
				ALWAYS_EMBED_SWIFT_STANDARD_LIBRARIES = YES;
				BUNDLE_LOADER = "$(TEST_HOST)";
				DEVELOPMENT_TEAM = V5WFPWBDLH;
				INFOPLIST_FILE = MasqueTests/Info.plist;
				LD_RUNPATH_SEARCH_PATHS = "$(inherited) @executable_path/Frameworks @loader_path/Frameworks";
				PRODUCT_BUNDLE_IDENTIFIER = com.JZ.MasqueTests;
				PRODUCT_NAME = "$(TARGET_NAME)";
				SWIFT_VERSION = 3.0;
				TEST_HOST = "$(BUILT_PRODUCTS_DIR)/Masque.app/Masque";
			};
			name = Debug;
		};
		88FE37141EE840A200F7AE89 /* Release */ = {
			isa = XCBuildConfiguration;
			baseConfigurationReference = 67E7AF988C2D67DC9AEB237F /* Pods-MasqueTests.release.xcconfig */;
			buildSettings = {
				ALWAYS_EMBED_SWIFT_STANDARD_LIBRARIES = YES;
				BUNDLE_LOADER = "$(TEST_HOST)";
				DEVELOPMENT_TEAM = V5WFPWBDLH;
				INFOPLIST_FILE = MasqueTests/Info.plist;
				LD_RUNPATH_SEARCH_PATHS = "$(inherited) @executable_path/Frameworks @loader_path/Frameworks";
				PRODUCT_BUNDLE_IDENTIFIER = com.JZ.MasqueTests;
				PRODUCT_NAME = "$(TARGET_NAME)";
				SWIFT_VERSION = 3.0;
				TEST_HOST = "$(BUILT_PRODUCTS_DIR)/Masque.app/Masque";
			};
			name = Release;
		};
		88FE37161EE840A200F7AE89 /* Debug */ = {
			isa = XCBuildConfiguration;
			baseConfigurationReference = 2D9DFC32AF9E74FBA52F7C8B /* Pods-MasqueUITests.debug.xcconfig */;
			buildSettings = {
				ALWAYS_EMBED_SWIFT_STANDARD_LIBRARIES = YES;
				DEVELOPMENT_TEAM = V5WFPWBDLH;
				INFOPLIST_FILE = MasqueUITests/Info.plist;
				LD_RUNPATH_SEARCH_PATHS = "$(inherited) @executable_path/Frameworks @loader_path/Frameworks";
				PRODUCT_BUNDLE_IDENTIFIER = com.JZ.MasqueUITests;
				PRODUCT_NAME = "$(TARGET_NAME)";
				SWIFT_VERSION = 3.0;
				TEST_TARGET_NAME = Masque;
			};
			name = Debug;
		};
		88FE37171EE840A200F7AE89 /* Release */ = {
			isa = XCBuildConfiguration;
			baseConfigurationReference = 5532CD509B8F3DB1E86041B1 /* Pods-MasqueUITests.release.xcconfig */;
			buildSettings = {
				ALWAYS_EMBED_SWIFT_STANDARD_LIBRARIES = YES;
				DEVELOPMENT_TEAM = V5WFPWBDLH;
				INFOPLIST_FILE = MasqueUITests/Info.plist;
				LD_RUNPATH_SEARCH_PATHS = "$(inherited) @executable_path/Frameworks @loader_path/Frameworks";
				PRODUCT_BUNDLE_IDENTIFIER = com.JZ.MasqueUITests;
				PRODUCT_NAME = "$(TARGET_NAME)";
				SWIFT_VERSION = 3.0;
				TEST_TARGET_NAME = Masque;
			};
			name = Release;
		};
/* End XCBuildConfiguration section */

/* Begin XCConfigurationList section */
		88FE36DF1EE840A200F7AE89 /* Build configuration list for PBXProject "Masque" */ = {
			isa = XCConfigurationList;
			buildConfigurations = (
				88FE370D1EE840A200F7AE89 /* Debug */,
				88FE370E1EE840A200F7AE89 /* Release */,
			);
			defaultConfigurationIsVisible = 0;
			defaultConfigurationName = Release;
		};
		88FE370F1EE840A200F7AE89 /* Build configuration list for PBXNativeTarget "Masque" */ = {
			isa = XCConfigurationList;
			buildConfigurations = (
				88FE37101EE840A200F7AE89 /* Debug */,
				88FE37111EE840A200F7AE89 /* Release */,
			);
			defaultConfigurationIsVisible = 0;
			defaultConfigurationName = Release;
		};
		88FE37121EE840A200F7AE89 /* Build configuration list for PBXNativeTarget "MasqueTests" */ = {
			isa = XCConfigurationList;
			buildConfigurations = (
				88FE37131EE840A200F7AE89 /* Debug */,
				88FE37141EE840A200F7AE89 /* Release */,
			);
			defaultConfigurationIsVisible = 0;
			defaultConfigurationName = Release;
		};
		88FE37151EE840A200F7AE89 /* Build configuration list for PBXNativeTarget "MasqueUITests" */ = {
			isa = XCConfigurationList;
			buildConfigurations = (
				88FE37161EE840A200F7AE89 /* Debug */,
				88FE37171EE840A200F7AE89 /* Release */,
			);
			defaultConfigurationIsVisible = 0;
			defaultConfigurationName = Release;
		};
/* End XCConfigurationList section */

/* Begin XCVersionGroup section */
		88FE36EE1EE840A200F7AE89 /* Masque.xcdatamodeld */ = {
			isa = XCVersionGroup;
			children = (
				88FE36EF1EE840A200F7AE89 /* Masque.xcdatamodel */,
			);
			currentVersion = 88FE36EF1EE840A200F7AE89 /* Masque.xcdatamodel */;
			path = Masque.xcdatamodeld;
			sourceTree = "<group>";
			versionGroupType = wrapper.xcdatamodel;
		};
/* End XCVersionGroup section */
	};
	rootObject = 88FE36DC1EE840A200F7AE89 /* Project object */;
}
